
Microsoft Visual Studio Solution File, Format Version 12.00
# Visual Studio Version 17
VisualStudioVersion = 17.7.34221.43
MinimumVisualStudioVersion = 10.0.40219.1
Project("{FAE04EC0-301F-11D3-BF4B-00C04F79EFBC}") = "ConsoleTestStruct", "ConsoleTestStruct.csproj", "{CCA47C31-86A2-43B8-8EAB-8F350CAC9399}"
EndProject
Project("{FAE04EC0-301F-11D3-BF4B-00C04F79EFBC}") = "DataStructures", "..\DataStructures\DataStructures.csproj", "{AED9943F-FEC7-4CDC-9FA6-F2614C3BD9B2}"
EndProject
Global
	GlobalSection(SolutionConfigurationPlatforms) = preSolution
		Debug|Any CPU = Debug|Any CPU
		Release|Any CPU = Release|Any CPU
	EndGlobalSection
	GlobalSection(ProjectConfigurationPlatforms) = postSolution
		{CCA47C31-86A2-43B8-8EAB-8F350CAC9399}.Debug|Any CPU.ActiveCfg = Debug|Any CPU
		{CCA47C31-86A2-43B8-8EAB-8F350CAC9399}.Debug|Any CPU.Build.0 = Debug|Any CPU
		{CCA47C31-86A2-43B8-8EAB-8F350CAC9399}.Release|Any CPU.ActiveCfg = Release|Any CPU
		{CCA47C31-86A2-43B8-8EAB-8F350CAC9399}.Release|Any CPU.Build.0 = Release|Any CPU
		{AED9943F-FEC7-4CDC-9FA6-F2614C3BD9B2}.Debug|Any CPU.ActiveCfg = Debug|Any CPU
		{AED9943F-FEC7-4CDC-9FA6-F2614C3BD9B2}.Debug|Any CPU.Build.0 = Debug|Any CPU
		{AED9943F-FEC7-4CDC-9FA6-F2614C3BD9B2}.Release|Any CPU.ActiveCfg = Release|Any CPU
		{AED9943F-FEC7-4CDC-9FA6-F2614C3BD9B2}.Release|Any CPU.Build.0 = Release|Any CPU
	EndGlobalSection
	GlobalSection(SolutionProperties) = preSolution
		HideSolutionNode = FALSE
	EndGlobalSection
	GlobalSection(ExtensibilityGlobals) = postSolution
		SolutionGuid = {32A8BEAA-412F-48D5-8323-67082D4B56C7}
	EndGlobalSection
EndGlobal
