
Microsoft Visual Studio Solution File, Format Version 12.00
# Visual Studio Version 17
VisualStudioVersion = 17.7.34221.43
MinimumVisualStudioVersion = 10.0.40219.1
Project("{FAE04EC0-301F-11D3-BF4B-00C04F79EFBC}") = "HW10LINQ", "HW10LINQ.csproj", "{2F360215-A99D-4962-8728-BC6747186CC2}"
EndProject
Global
	GlobalSection(SolutionConfigurationPlatforms) = preSolution
		Debug|Any CPU = Debug|Any CPU
		Release|Any CPU = Release|Any CPU
	EndGlobalSection
	GlobalSection(ProjectConfigurationPlatforms) = postSolution
		{2F360215-A99D-4962-8728-BC6747186CC2}.Debug|Any CPU.ActiveCfg = Debug|Any CPU
		{2F360215-A99D-4962-8728-BC6747186CC2}.Debug|Any CPU.Build.0 = Debug|Any CPU
		{2F360215-A99D-4962-8728-BC6747186CC2}.Release|Any CPU.ActiveCfg = Release|Any CPU
		{2F360215-A99D-4962-8728-BC6747186CC2}.Release|Any CPU.Build.0 = Release|Any CPU
	EndGlobalSection
	GlobalSection(SolutionProperties) = preSolution
		HideSolutionNode = FALSE
	EndGlobalSection
	GlobalSection(ExtensibilityGlobals) = postSolution
		SolutionGuid = {9B48AC82-4A50-46B7-B425-22D16054878D}
	EndGlobalSection
EndGlobal
